// !$*UTF8*$!
{
	archiveVersion = 1;
	classes = {
	};
	objectVersion = 46;
	objects = {

/* Begin PBXBuildFile section */
		368766991A8F97200026EE69 /* AppDelegate.swift in Sources */ = {isa = PBXBuildFile; fileRef = 368766981A8F97200026EE69 /* AppDelegate.swift */; };
		3687669B1A8F97200026EE69 /* MasterViewController.swift in Sources */ = {isa = PBXBuildFile; fileRef = 3687669A1A8F97200026EE69 /* MasterViewController.swift */; };
		3687669D1A8F97200026EE69 /* DetailViewController.swift in Sources */ = {isa = PBXBuildFile; fileRef = 3687669C1A8F97200026EE69 /* DetailViewController.swift */; };
		368766A01A8F97200026EE69 /* Main.storyboard in Resources */ = {isa = PBXBuildFile; fileRef = 3687669E1A8F97200026EE69 /* Main.storyboard */; };
		368766A21A8F97200026EE69 /* Images.xcassets in Resources */ = {isa = PBXBuildFile; fileRef = 368766A11A8F97200026EE69 /* Images.xcassets */; };
		368766A51A8F97200026EE69 /* LaunchScreen.xib in Resources */ = {isa = PBXBuildFile; fileRef = 368766A31A8F97200026EE69 /* LaunchScreen.xib */; };
		368766B11A8F97200026EE69 /* MyFavBandsTests.swift in Sources */ = {isa = PBXBuildFile; fileRef = 368766B01A8F97200026EE69 /* MyFavBandsTests.swift */; };
		368766C31A8FA7E70026EE69 /* 38 Special.jpg in Resources */ = {isa = PBXBuildFile; fileRef = 368766BB1A8FA7E70026EE69 /* 38 Special.jpg */; };
		368766C41A8FA7E70026EE69 /* Band Perry.jpg in Resources */ = {isa = PBXBuildFile; fileRef = 368766BC1A8FA7E70026EE69 /* Band Perry.jpg */; };
		368766C51A8FA7E70026EE69 /* Eagles.jpg in Resources */ = {isa = PBXBuildFile; fileRef = 368766BD1A8FA7E70026EE69 /* Eagles.jpg */; };
		368766C61A8FA7E70026EE69 /* Joe Cocker.jpg in Resources */ = {isa = PBXBuildFile; fileRef = 368766BE1A8FA7E70026EE69 /* Joe Cocker.jpg */; };
		368766C71A8FA7E70026EE69 /* Journey.jpg in Resources */ = {isa = PBXBuildFile; fileRef = 368766BF1A8FA7E70026EE69 /* Journey.jpg */; };
		368766C81A8FA7E70026EE69 /* Leonard Skynard.jpg in Resources */ = {isa = PBXBuildFile; fileRef = 368766C01A8FA7E70026EE69 /* Leonard Skynard.jpg */; };
		368766C91A8FA7E70026EE69 /* Little Big Town.jpg in Resources */ = {isa = PBXBuildFile; fileRef = 368766C11A8FA7E70026EE69 /* Little Big Town.jpg */; };
		368766CA1A8FA7E70026EE69 /* Miranda Lambert.jpg in Resources */ = {isa = PBXBuildFile; fileRef = 368766C21A8FA7E70026EE69 /* Miranda Lambert.jpg */; };
		368766CC1A8FB4410026EE69 /* Main.png in Resources */ = {isa = PBXBuildFile; fileRef = 368766CB1A8FB4410026EE69 /* Main.png */; };
		368766CE1A8FB7D60026EE69 /* ReadMe.rtf in Resources */ = {isa = PBXBuildFile; fileRef = 368766CD1A8FB7D60026EE69 /* ReadMe.rtf */; };
/* End PBXBuildFile section */

/* Begin PBXContainerItemProxy section */
		368766AB1A8F97200026EE69 /* PBXContainerItemProxy */ = {
			isa = PBXContainerItemProxy;
			containerPortal = 3687668B1A8F97200026EE69 /* Project object */;
			proxyType = 1;
			remoteGlobalIDString = 368766921A8F97200026EE69;
			remoteInfo = MyFavBands;
		};
/* End PBXContainerItemProxy section */

/* Begin PBXFileReference section */
		368766931A8F97200026EE69 /* MyFavBands.app */ = {isa = PBXFileReference; explicitFileType = wrapper.application; includeInIndex = 0; path = MyFavBands.app; sourceTree = BUILT_PRODUCTS_DIR; };
		368766971A8F97200026EE69 /* Info.plist */ = {isa = PBXFileReference; lastKnownFileType = text.plist.xml; path = Info.plist; sourceTree = "<group>"; };
		368766981A8F97200026EE69 /* AppDelegate.swift */ = {isa = PBXFileReference; lastKnownFileType = sourcecode.swift; path = AppDelegate.swift; sourceTree = "<group>"; };
		3687669A1A8F97200026EE69 /* MasterViewController.swift */ = {isa = PBXFileReference; lastKnownFileType = sourcecode.swift; path = MasterViewController.swift; sourceTree = "<group>"; };
		3687669C1A8F97200026EE69 /* DetailViewController.swift */ = {isa = PBXFileReference; lastKnownFileType = sourcecode.swift; path = DetailViewController.swift; sourceTree = "<group>"; };
		3687669F1A8F97200026EE69 /* Base */ = {isa = PBXFileReference; lastKnownFileType = file.storyboard; name = Base; path = Base.lproj/Main.storyboard; sourceTree = "<group>"; };
		368766A11A8F97200026EE69 /* Images.xcassets */ = {isa = PBXFileReference; lastKnownFileType = folder.assetcatalog; path = Images.xcassets; sourceTree = "<group>"; };
		368766A41A8F97200026EE69 /* Base */ = {isa = PBXFileReference; lastKnownFileType = file.xib; name = Base; path = Base.lproj/LaunchScreen.xib; sourceTree = "<group>"; };
		368766AA1A8F97200026EE69 /* MyFavBandsTests.xctest */ = {isa = PBXFileReference; explicitFileType = wrapper.cfbundle; includeInIndex = 0; path = MyFavBandsTests.xctest; sourceTree = BUILT_PRODUCTS_DIR; };
		368766AF1A8F97200026EE69 /* Info.plist */ = {isa = PBXFileReference; lastKnownFileType = text.plist.xml; path = Info.plist; sourceTree = "<group>"; };
		368766B01A8F97200026EE69 /* MyFavBandsTests.swift */ = {isa = PBXFileReference; lastKnownFileType = sourcecode.swift; path = MyFavBandsTests.swift; sourceTree = "<group>"; };
		368766BB1A8FA7E70026EE69 /* 38 Special.jpg */ = {isa = PBXFileReference; lastKnownFileType = image.jpeg; path = "38 Special.jpg"; sourceTree = "<group>"; };
		368766BC1A8FA7E70026EE69 /* Band Perry.jpg */ = {isa = PBXFileReference; lastKnownFileType = image.jpeg; path = "Band Perry.jpg"; sourceTree = "<group>"; };
		368766BD1A8FA7E70026EE69 /* Eagles.jpg */ = {isa = PBXFileReference; lastKnownFileType = image.jpeg; path = Eagles.jpg; sourceTree = "<group>"; };
		368766BE1A8FA7E70026EE69 /* Joe Cocker.jpg */ = {isa = PBXFileReference; lastKnownFileType = image.jpeg; path = "Joe Cocker.jpg"; sourceTree = "<group>"; };
		368766BF1A8FA7E70026EE69 /* Journey.jpg */ = {isa = PBXFileReference; lastKnownFileType = image.jpeg; path = Journey.jpg; sourceTree = "<group>"; };
		368766C01A8FA7E70026EE69 /* Leonard Skynard.jpg */ = {isa = PBXFileReference; lastKnownFileType = image.jpeg; path = "Leonard Skynard.jpg"; sourceTree = "<group>"; };
		368766C11A8FA7E70026EE69 /* Little Big Town.jpg */ = {isa = PBXFileReference; lastKnownFileType = image.jpeg; path = "Little Big Town.jpg"; sourceTree = "<group>"; };
		368766C21A8FA7E70026EE69 /* Miranda Lambert.jpg */ = {isa = PBXFileReference; lastKnownFileType = image.jpeg; path = "Miranda Lambert.jpg"; sourceTree = "<group>"; };
		368766CB1A8FB4410026EE69 /* Main.png */ = {isa = PBXFileReference; lastKnownFileType = image.png; path = Main.png; sourceTree = "<group>"; };
		368766CD1A8FB7D60026EE69 /* ReadMe.rtf */ = {isa = PBXFileReference; fileEncoding = 4; lastKnownFileType = text.rtf; path = ReadMe.rtf; sourceTree = "<group>"; };
/* End PBXFileReference section */

/* Begin PBXFrameworksBuildPhase section */
		368766901A8F97200026EE69 /* Frameworks */ = {
			isa = PBXFrameworksBuildPhase;
			buildActionMask = 2147483647;
			files = (
			);
			runOnlyForDeploymentPostprocessing = 0;
		};
		368766A71A8F97200026EE69 /* Frameworks */ = {
			isa = PBXFrameworksBuildPhase;
			buildActionMask = 2147483647;
			files = (
			);
			runOnlyForDeploymentPostprocessing = 0;
		};
/* End PBXFrameworksBuildPhase section */

/* Begin PBXGroup section */
		3687668A1A8F97200026EE69 = {
			isa = PBXGroup;
			children = (
				368766CD1A8FB7D60026EE69 /* ReadMe.rtf */,
				368766BA1A8FA7C50026EE69 /* images */,
				368766951A8F97200026EE69 /* MyFavBands */,
				368766AD1A8F97200026EE69 /* MyFavBandsTests */,
				368766941A8F97200026EE69 /* Products */,
			);
			sourceTree = "<group>";
		};
		368766941A8F97200026EE69 /* Products */ = {
			isa = PBXGroup;
			children = (
				368766931A8F97200026EE69 /* MyFavBands.app */,
				368766AA1A8F97200026EE69 /* MyFavBandsTests.xctest */,
			);
			name = Products;
			sourceTree = "<group>";
		};
		368766951A8F97200026EE69 /* MyFavBands */ = {
			isa = PBXGroup;
			children = (
				368766981A8F97200026EE69 /* AppDelegate.swift */,
				3687669A1A8F97200026EE69 /* MasterViewController.swift */,
				3687669C1A8F97200026EE69 /* DetailViewController.swift */,
				3687669E1A8F97200026EE69 /* Main.storyboard */,
				368766A11A8F97200026EE69 /* Images.xcassets */,
				368766A31A8F97200026EE69 /* LaunchScreen.xib */,
				368766961A8F97200026EE69 /* Supporting Files */,
			);
			path = MyFavBands;
			sourceTree = "<group>";
		};
		368766961A8F97200026EE69 /* Supporting Files */ = {
			isa = PBXGroup;
			children = (
				368766971A8F97200026EE69 /* Info.plist */,
			);
			name = "Supporting Files";
			sourceTree = "<group>";
		};
		368766AD1A8F97200026EE69 /* MyFavBandsTests */ = {
			isa = PBXGroup;
			children = (
				368766B01A8F97200026EE69 /* MyFavBandsTests.swift */,
				368766AE1A8F97200026EE69 /* Supporting Files */,
			);
			path = MyFavBandsTests;
			sourceTree = "<group>";
		};
		368766AE1A8F97200026EE69 /* Supporting Files */ = {
			isa = PBXGroup;
			children = (
				368766AF1A8F97200026EE69 /* Info.plist */,
			);
			name = "Supporting Files";
			sourceTree = "<group>";
		};
		368766BA1A8FA7C50026EE69 /* images */ = {
			isa = PBXGroup;
			children = (
				368766CB1A8FB4410026EE69 /* Main.png */,
				368766BB1A8FA7E70026EE69 /* 38 Special.jpg */,
				368766BC1A8FA7E70026EE69 /* Band Perry.jpg */,
				368766BD1A8FA7E70026EE69 /* Eagles.jpg */,
				368766BE1A8FA7E70026EE69 /* Joe Cocker.jpg */,
				368766BF1A8FA7E70026EE69 /* Journey.jpg */,
				368766C01A8FA7E70026EE69 /* Leonard Skynard.jpg */,
				368766C11A8FA7E70026EE69 /* Little Big Town.jpg */,
				368766C21A8FA7E70026EE69 /* Miranda Lambert.jpg */,
			);
			name = images;
			sourceTree = "<group>";
		};
/* End PBXGroup section */

/* Begin PBXNativeTarget section */
		368766921A8F97200026EE69 /* MyFavBands */ = {
			isa = PBXNativeTarget;
			buildConfigurationList = 368766B41A8F97200026EE69 /* Build configuration list for PBXNativeTarget "MyFavBands" */;
			buildPhases = (
				3687668F1A8F97200026EE69 /* Sources */,
				368766901A8F97200026EE69 /* Frameworks */,
				368766911A8F97200026EE69 /* Resources */,
			);
			buildRules = (
			);
			dependencies = (
			);
			name = MyFavBands;
			productName = MyFavBands;
			productReference = 368766931A8F97200026EE69 /* MyFavBands.app */;
			productType = "com.apple.product-type.application";
		};
		368766A91A8F97200026EE69 /* MyFavBandsTests */ = {
			isa = PBXNativeTarget;
			buildConfigurationList = 368766B71A8F97200026EE69 /* Build configuration list for PBXNativeTarget "MyFavBandsTests" */;
			buildPhases = (
				368766A61A8F97200026EE69 /* Sources */,
				368766A71A8F97200026EE69 /* Frameworks */,
				368766A81A8F97200026EE69 /* Resources */,
			);
			buildRules = (
			);
			dependencies = (
				368766AC1A8F97200026EE69 /* PBXTargetDependency */,
			);
			name = MyFavBandsTests;
			productName = MyFavBandsTests;
			productReference = 368766AA1A8F97200026EE69 /* MyFavBandsTests.xctest */;
			productType = "com.apple.product-type.bundle.unit-test";
		};
/* End PBXNativeTarget section */

/* Begin PBXProject section */
		3687668B1A8F97200026EE69 /* Project object */ = {
			isa = PBXProject;
			attributes = {
				LastUpgradeCheck = 0610;
				ORGANIZATIONNAME = "Rock Valley College";
				TargetAttributes = {
					368766921A8F97200026EE69 = {
						CreatedOnToolsVersion = 6.1;
					};
					368766A91A8F97200026EE69 = {
						CreatedOnToolsVersion = 6.1;
						TestTargetID = 368766921A8F97200026EE69;
					};
				};
			};
			buildConfigurationList = 3687668E1A8F97200026EE69 /* Build configuration list for PBXProject "MyFavBands" */;
			compatibilityVersion = "Xcode 3.2";
			developmentRegion = English;
			hasScannedForEncodings = 0;
			knownRegions = (
				en,
				Base,
			);
			mainGroup = 3687668A1A8F97200026EE69;
			productRefGroup = 368766941A8F97200026EE69 /* Products */;
			projectDirPath = "";
			projectRoot = "";
			targets = (
				368766921A8F97200026EE69 /* MyFavBands */,
				368766A91A8F97200026EE69 /* MyFavBandsTests */,
			);
		};
/* End PBXProject section */

/* Begin PBXResourcesBuildPhase section */
		368766911A8F97200026EE69 /* Resources */ = {
			isa = PBXResourcesBuildPhase;
			buildActionMask = 2147483647;
			files = (
				368766CC1A8FB4410026EE69 /* Main.png in Resources */,
				368766CE1A8FB7D60026EE69 /* ReadMe.rtf in Resources */,
				368766C91A8FA7E70026EE69 /* Little Big Town.jpg in Resources */,
				368766C61A8FA7E70026EE69 /* Joe Cocker.jpg in Resources */,
				368766A01A8F97200026EE69 /* Main.storyboard in Resources */,
				368766C41A8FA7E70026EE69 /* Band Perry.jpg in Resources */,
				368766C31A8FA7E70026EE69 /* 38 Special.jpg in Resources */,
				368766A51A8F97200026EE69 /* LaunchScreen.xib in Resources */,
				368766C51A8FA7E70026EE69 /* Eagles.jpg in Resources */,
				368766C81A8FA7E70026EE69 /* Leonard Skynard.jpg in Resources */,
				368766CA1A8FA7E70026EE69 /* Miranda Lambert.jpg in Resources */,
				368766C71A8FA7E70026EE69 /* Journey.jpg in Resources */,
				368766A21A8F97200026EE69 /* Images.xcassets in Resources */,
			);
			runOnlyForDeploymentPostprocessing = 0;
		};
		368766A81A8F97200026EE69 /* Resources */ = {
			isa = PBXResourcesBuildPhase;
			buildActionMask = 2147483647;
			files = (
			);
			runOnlyForDeploymentPostprocessing = 0;
		};
/* End PBXResourcesBuildPhase section */

/* Begin PBXSourcesBuildPhase section */
		3687668F1A8F97200026EE69 /* Sources */ = {
			isa = PBXSourcesBuildPhase;
			buildActionMask = 2147483647;
			files = (
				3687669D1A8F97200026EE69 /* DetailViewController.swift in Sources */,
				3687669B1A8F97200026EE69 /* MasterViewController.swift in Sources */,
				368766991A8F97200026EE69 /* AppDelegate.swift in Sources */,
			);
			runOnlyForDeploymentPostprocessing = 0;
		};
		368766A61A8F97200026EE69 /* Sources */ = {
			isa = PBXSourcesBuildPhase;
			buildActionMask = 2147483647;
			files = (
				368766B11A8F97200026EE69 /* MyFavBandsTests.swift in Sources */,
			);
			runOnlyForDeploymentPostprocessing = 0;
		};
/* End PBXSourcesBuildPhase section */

/* Begin PBXTargetDependency section */
		368766AC1A8F97200026EE69 /* PBXTargetDependency */ = {
			isa = PBXTargetDependency;
			target = 368766921A8F97200026EE69 /* MyFavBands */;
			targetProxy = 368766AB1A8F97200026EE69 /* PBXContainerItemProxy */;
		};
/* End PBXTargetDependency section */

/* Begin PBXVariantGroup section */
		3687669E1A8F97200026EE69 /* Main.storyboard */ = {
			isa = PBXVariantGroup;
			children = (
				3687669F1A8F97200026EE69 /* Base */,
			);
			name = Main.storyboard;
			sourceTree = "<group>";
		};
		368766A31A8F97200026EE69 /* LaunchScreen.xib */ = {
			isa = PBXVariantGroup;
			children = (
				368766A41A8F97200026EE69 /* Base */,
			);
			name = LaunchScreen.xib;
			sourceTree = "<group>";
		};
/* End PBXVariantGroup section */

/* Begin XCBuildConfiguration section */
		368766B21A8F97200026EE69 /* Debug */ = {
			isa = XCBuildConfiguration;
			buildSettings = {
				ALWAYS_SEARCH_USER_PATHS = NO;
				CLANG_CXX_LANGUAGE_STANDARD = "gnu++0x";
				CLANG_CXX_LIBRARY = "libc++";
				CLANG_ENABLE_MODULES = YES;
				CLANG_ENABLE_OBJC_ARC = YES;
				CLANG_WARN_BOOL_CONVERSION = YES;
				CLANG_WARN_CONSTANT_CONVERSION = YES;
				CLANG_WARN_DIRECT_OBJC_ISA_USAGE = YES_ERROR;
				CLANG_WARN_EMPTY_BODY = YES;
				CLANG_WARN_ENUM_CONVERSION = YES;
				CLANG_WARN_INT_CONVERSION = YES;
				CLANG_WARN_OBJC_ROOT_CLASS = YES_ERROR;
				CLANG_WARN_UNREACHABLE_CODE = YES;
				CLANG_WARN__DUPLICATE_METHOD_MATCH = YES;
				"CODE_SIGN_IDENTITY[sdk=iphoneos*]" = "iPhone Developer";
				COPY_PHASE_STRIP = NO;
				ENABLE_STRICT_OBJC_MSGSEND = YES;
				GCC_C_LANGUAGE_STANDARD = gnu99;
				GCC_DYNAMIC_NO_PIC = NO;
				GCC_OPTIMIZATION_LEVEL = 0;
				GCC_PREPROCESSOR_DEFINITIONS = (
					"DEBUG=1",
					"$(inherited)",
				);
				GCC_SYMBOLS_PRIVATE_EXTERN = NO;
				GCC_WARN_64_TO_32_BIT_CONVERSION = YES;
				GCC_WARN_ABOUT_RETURN_TYPE = YES_ERROR;
				GCC_WARN_UNDECLARED_SELECTOR = YES;
				GCC_WARN_UNINITIALIZED_AUTOS = YES_AGGRESSIVE;
				GCC_WARN_UNUSED_FUNCTION = YES;
				GCC_WARN_UNUSED_VARIABLE = YES;
				IPHONEOS_DEPLOYMENT_TARGET = 8.1;
				MTL_ENABLE_DEBUG_INFO = YES;
				ONLY_ACTIVE_ARCH = YES;
				SDKROOT = iphoneos;
				SWIFT_OPTIMIZATION_LEVEL = "-Onone";
				TARGETED_DEVICE_FAMILY = 2;
			};
			name = Debug;
		};
		368766B31A8F97200026EE69 /* Release */ = {
			isa = XCBuildConfiguration;
			buildSettings = {
				ALWAYS_SEARCH_USER_PATHS = NO;
				CLANG_CXX_LANGUAGE_STANDARD = "gnu++0x";
				CLANG_CXX_LIBRARY = "libc++";
				CLANG_ENABLE_MODULES = YES;
				CLANG_ENABLE_OBJC_ARC = YES;
				CLANG_WARN_BOOL_CONVERSION = YES;
				CLANG_WARN_CONSTANT_CONVERSION = YES;
				CLANG_WARN_DIRECT_OBJC_ISA_USAGE = YES_ERROR;
				CLANG_WARN_EMPTY_BODY = YES;
				CLANG_WARN_ENUM_CONVERSION = YES;
				CLANG_WARN_INT_CONVERSION = YES;
				CLANG_WARN_OBJC_ROOT_CLASS = YES_ERROR;
				CLANG_WARN_UNREACHABLE_CODE = YES;
				CLANG_WARN__DUPLICATE_METHOD_MATCH = YES;
				"CODE_SIGN_IDENTITY[sdk=iphoneos*]" = "iPhone Developer";
				COPY_PHASE_STRIP = YES;
				ENABLE_NS_ASSERTIONS = NO;
				ENABLE_STRICT_OBJC_MSGSEND = YES;
				GCC_C_LANGUAGE_STANDARD = gnu99;
				GCC_WARN_64_TO_32_BIT_CONVERSION = YES;
				GCC_WARN_ABOUT_RETURN_TYPE = YES_ERROR;
				GCC_WARN_UNDECLARED_SELECTOR = YES;
				GCC_WARN_UNINITIALIZED_AUTOS = YES_AGGRESSIVE;
				GCC_WARN_UNUSED_FUNCTION = YES;
				GCC_WARN_UNUSED_VARIABLE = YES;
				IPHONEOS_DEPLOYMENT_TARGET = 8.1;
				MTL_ENABLE_DEBUG_INFO = NO;
				SDKROOT = iphoneos;
				TARGETED_DEVICE_FAMILY = 2;
				VALIDATE_PRODUCT = YES;
			};
			name = Release;
		};
		368766B51A8F97200026EE69 /* Debug */ = {
			isa = XCBuildConfiguration;
			buildSettings = {
				ASSETCATALOG_COMPILER_APPICON_NAME = AppIcon;
				INFOPLIST_FILE = MyFavBands/Info.plist;
				LD_RUNPATH_SEARCH_PATHS = "$(inherited) @executable_path/Frameworks";
				PRODUCT_NAME = "$(TARGET_NAME)";
			};
			name = Debug;
		};
		368766B61A8F97200026EE69 /* Release */ = {
			isa = XCBuildConfiguration;
			buildSettings = {
				ASSETCATALOG_COMPILER_APPICON_NAME = AppIcon;
				INFOPLIST_FILE = MyFavBands/Info.plist;
				LD_RUNPATH_SEARCH_PATHS = "$(inherited) @executable_path/Frameworks";
				PRODUCT_NAME = "$(TARGET_NAME)";
			};
			name = Release;
		};
		368766B81A8F97200026EE69 /* Debug */ = {
			isa = XCBuildConfiguration;
			buildSettings = {
				BUNDLE_LOADER = "$(TEST_HOST)";
				FRAMEWORK_SEARCH_PATHS = (
					"$(SDKROOT)/Developer/Library/Frameworks",
					"$(inherited)",
				);
				GCC_PREPROCESSOR_DEFINITIONS = (
					"DEBUG=1",
					"$(inherited)",
				);
				INFOPLIST_FILE = MyFavBandsTests/Info.plist;
				LD_RUNPATH_SEARCH_PATHS = "$(inherited) @executable_path/Frameworks @loader_path/Frameworks";
				PRODUCT_NAME = "$(TARGET_NAME)";
				TEST_HOST = "$(BUILT_PRODUCTS_DIR)/MyFavBands.app/MyFavBands";
			};
			name = Debug;
		};
		368766B91A8F97200026EE69 /* Release */ = {
			isa = XCBuildConfiguration;
			buildSettings = {
				BUNDLE_LOADER = "$(TEST_HOST)";
				FRAMEWORK_SEARCH_PATHS = (
					"$(SDKROOT)/Developer/Library/Frameworks",
					"$(inherited)",
				);
				INFOPLIST_FILE = MyFavBandsTests/Info.plist;
				LD_RUNPATH_SEARCH_PATHS = "$(inherited) @executable_path/Frameworks @loader_path/Frameworks";
				PRODUCT_NAME = "$(TARGET_NAME)";
				TEST_HOST = "$(BUILT_PRODUCTS_DIR)/MyFavBands.app/MyFavBands";
			};
			name = Release;
		};
/* End XCBuildConfiguration section */

/* Begin XCConfigurationList section */
		3687668E1A8F97200026EE69 /* Build configuration list for PBXProject "MyFavBands" */ = {
			isa = XCConfigurationList;
			buildConfigurations = (
				368766B21A8F97200026EE69 /* Debug */,
				368766B31A8F97200026EE69 /* Release */,
			);
			defaultConfigurationIsVisible = 0;
			defaultConfigurationName = Release;
		};
		368766B41A8F97200026EE69 /* Build configuration list for PBXNativeTarget "MyFavBands" */ = {
			isa = XCConfigurationList;
			buildConfigurations = (
				368766B51A8F97200026EE69 /* Debug */,
				368766B61A8F97200026EE69 /* Release */,
			);
			defaultConfigurationIsVisible = 0;
		};
		368766B71A8F97200026EE69 /* Build configuration list for PBXNativeTarget "MyFavBandsTests" */ = {
			isa = XCConfigurationList;
			buildConfigurations = (
				368766B81A8F97200026EE69 /* Debug */,
				368766B91A8F97200026EE69 /* Release */,
			);
			defaultConfigurationIsVisible = 0;
		};
/* End XCConfigurationList section */
	};
	rootObject = 3687668B1A8F97200026EE69 /* Project object */;
}
